
Microsoft Visual Studio Solution File, Format Version 12.00
# Visual Studio 15
VisualStudioVersion = 15.0.28307.902
MinimumVisualStudioVersion = 10.0.40219.1
Project("{FAE04EC0-301F-11D3-BF4B-00C04F79EFBC}") = "SaleWebMvc", "SaleWebMvc\SaleWebMvc.csproj", "{AAD09FE2-399C-495E-AD13-F204A95629BA}"
EndProject
Global
	GlobalSection(SolutionConfigurationPlatforms) = preSolution
		Debug|Any CPU = Debug|Any CPU
		Release|Any CPU = Release|Any CPU
	EndGlobalSection
	GlobalSection(ProjectConfigurationPlatforms) = postSolution
		{AAD09FE2-399C-495E-AD13-F204A95629BA}.Debug|Any CPU.ActiveCfg = Debug|Any CPU
		{AAD09FE2-399C-495E-AD13-F204A95629BA}.Debug|Any CPU.Build.0 = Debug|Any CPU
		{AAD09FE2-399C-495E-AD13-F204A95629BA}.Release|Any CPU.ActiveCfg = Release|Any CPU
		{AAD09FE2-399C-495E-AD13-F204A95629BA}.Release|Any CPU.Build.0 = Release|Any CPU
	EndGlobalSection
	GlobalSection(SolutionProperties) = preSolution
		HideSolutionNode = FALSE
	EndGlobalSection
	GlobalSection(ExtensibilityGlobals) = postSolution
		SolutionGuid = {DDE9C253-3AB5-4B0B-A746-45CDE9C521D8}
	EndGlobalSection
EndGlobal
